// !$*UTF8*$!
{
	archiveVersion = 1;
	classes = {
	};
	objectVersion = 50;
	objects = {

/* Begin PBXBuildFile section */
		5EF151DF253825E800232ECA /* AppDelegate.swift in Sources */ = {isa = PBXBuildFile; fileRef = 5EF151DE253825E800232ECA /* AppDelegate.swift */; };
		5EF151E1253825E800232ECA /* SceneDelegate.swift in Sources */ = {isa = PBXBuildFile; fileRef = 5EF151E0253825E800232ECA /* SceneDelegate.swift */; };
		5EF151E3253825E800232ECA /* ViewController.swift in Sources */ = {isa = PBXBuildFile; fileRef = 5EF151E2253825E800232ECA /* ViewController.swift */; };
		5EF151E6253825E800232ECA /* Main.storyboard in Resources */ = {isa = PBXBuildFile; fileRef = 5EF151E4253825E800232ECA /* Main.storyboard */; };
		5EF151E8253825E800232ECA /* Assets.xcassets in Resources */ = {isa = PBXBuildFile; fileRef = 5EF151E7253825E800232ECA /* Assets.xcassets */; };
		5EF151EB253825E800232ECA /* LaunchScreen.storyboard in Resources */ = {isa = PBXBuildFile; fileRef = 5EF151E9253825E800232ECA /* LaunchScreen.storyboard */; };
		5EF151F6253825E800232ECA /* iOS_Clean_Architecture_TutorialTests.swift in Sources */ = {isa = PBXBuildFile; fileRef = 5EF151F5253825E800232ECA /* iOS_Clean_Architecture_TutorialTests.swift */; };
		5EF15201253825E800232ECA /* iOS_Clean_Architecture_TutorialUITests.swift in Sources */ = {isa = PBXBuildFile; fileRef = 5EF15200253825E800232ECA /* iOS_Clean_Architecture_TutorialUITests.swift */; };
		5EF15223253833CC00232ECA /* Document.swift in Sources */ = {isa = PBXBuildFile; fileRef = 5EF15222253833CC00232ECA /* Document.swift */; };
		5EF152292538528000232ECA /* SearchDocumentsUseCase.swift in Sources */ = {isa = PBXBuildFile; fileRef = 5EF152282538528000232ECA /* SearchDocumentsUseCase.swift */; };
		5EF152342538552000232ECA /* DefaultDocumentsRepository.swift in Sources */ = {isa = PBXBuildFile; fileRef = 5EF152332538552000232ECA /* DefaultDocumentsRepository.swift */; };
		5EF1523A25385A4F00232ECA /* DefaultDocumentsStorage.swift in Sources */ = {isa = PBXBuildFile; fileRef = 5EF1523925385A4F00232ECA /* DefaultDocumentsStorage.swift */; };
		5EF152442538604A00232ECA /* CoreDataStorage.xcdatamodeld in Sources */ = {isa = PBXBuildFile; fileRef = 5EF152422538604A00232ECA /* CoreDataStorage.xcdatamodeld */; };
/* End PBXBuildFile section */

/* Begin PBXContainerItemProxy section */
		5EF151F2253825E800232ECA /* PBXContainerItemProxy */ = {
			isa = PBXContainerItemProxy;
			containerPortal = 5EF151D3253825E800232ECA /* Project object */;
			proxyType = 1;
			remoteGlobalIDString = 5EF151DA253825E800232ECA;
			remoteInfo = "iOS-Clean-Architecture-Tutorial";
		};
		5EF151FD253825E800232ECA /* PBXContainerItemProxy */ = {
			isa = PBXContainerItemProxy;
			containerPortal = 5EF151D3253825E800232ECA /* Project object */;
			proxyType = 1;
			remoteGlobalIDString = 5EF151DA253825E800232ECA;
			remoteInfo = "iOS-Clean-Architecture-Tutorial";
		};
/* End PBXContainerItemProxy section */

/* Begin PBXFileReference section */
		5EF151DB253825E800232ECA /* iOS-Clean-Architecture-Tutorial.app */ = {isa = PBXFileReference; explicitFileType = wrapper.application; includeInIndex = 0; path = "iOS-Clean-Architecture-Tutorial.app"; sourceTree = BUILT_PRODUCTS_DIR; };
		5EF151DE253825E800232ECA /* AppDelegate.swift */ = {isa = PBXFileReference; lastKnownFileType = sourcecode.swift; path = AppDelegate.swift; sourceTree = "<group>"; };
		5EF151E0253825E800232ECA /* SceneDelegate.swift */ = {isa = PBXFileReference; lastKnownFileType = sourcecode.swift; path = SceneDelegate.swift; sourceTree = "<group>"; };
		5EF151E2253825E800232ECA /* ViewController.swift */ = {isa = PBXFileReference; lastKnownFileType = sourcecode.swift; path = ViewController.swift; sourceTree = "<group>"; };
		5EF151E5253825E800232ECA /* Base */ = {isa = PBXFileReference; lastKnownFileType = file.storyboard; name = Base; path = Base.lproj/Main.storyboard; sourceTree = "<group>"; };
		5EF151E7253825E800232ECA /* Assets.xcassets */ = {isa = PBXFileReference; lastKnownFileType = folder.assetcatalog; path = Assets.xcassets; sourceTree = "<group>"; };
		5EF151EA253825E800232ECA /* Base */ = {isa = PBXFileReference; lastKnownFileType = file.storyboard; name = Base; path = Base.lproj/LaunchScreen.storyboard; sourceTree = "<group>"; };
		5EF151EC253825E800232ECA /* Info.plist */ = {isa = PBXFileReference; lastKnownFileType = text.plist.xml; path = Info.plist; sourceTree = "<group>"; };
		5EF151F1253825E800232ECA /* iOS-Clean-Architecture-TutorialTests.xctest */ = {isa = PBXFileReference; explicitFileType = wrapper.cfbundle; includeInIndex = 0; path = "iOS-Clean-Architecture-TutorialTests.xctest"; sourceTree = BUILT_PRODUCTS_DIR; };
		5EF151F5253825E800232ECA /* iOS_Clean_Architecture_TutorialTests.swift */ = {isa = PBXFileReference; lastKnownFileType = sourcecode.swift; path = iOS_Clean_Architecture_TutorialTests.swift; sourceTree = "<group>"; };
		5EF151F7253825E800232ECA /* Info.plist */ = {isa = PBXFileReference; lastKnownFileType = text.plist.xml; path = Info.plist; sourceTree = "<group>"; };
		5EF151FC253825E800232ECA /* iOS-Clean-Architecture-TutorialUITests.xctest */ = {isa = PBXFileReference; explicitFileType = wrapper.cfbundle; includeInIndex = 0; path = "iOS-Clean-Architecture-TutorialUITests.xctest"; sourceTree = BUILT_PRODUCTS_DIR; };
		5EF15200253825E800232ECA /* iOS_Clean_Architecture_TutorialUITests.swift */ = {isa = PBXFileReference; lastKnownFileType = sourcecode.swift; path = iOS_Clean_Architecture_TutorialUITests.swift; sourceTree = "<group>"; };
		5EF15202253825E800232ECA /* Info.plist */ = {isa = PBXFileReference; lastKnownFileType = text.plist.xml; path = Info.plist; sourceTree = "<group>"; };
		5EF15222253833CC00232ECA /* Document.swift */ = {isa = PBXFileReference; lastKnownFileType = sourcecode.swift; path = Document.swift; sourceTree = "<group>"; };
		5EF152282538528000232ECA /* SearchDocumentsUseCase.swift */ = {isa = PBXFileReference; lastKnownFileType = sourcecode.swift; path = SearchDocumentsUseCase.swift; sourceTree = "<group>"; };
		5EF152332538552000232ECA /* DefaultDocumentsRepository.swift */ = {isa = PBXFileReference; lastKnownFileType = sourcecode.swift; path = DefaultDocumentsRepository.swift; sourceTree = "<group>"; };
		5EF1523925385A4F00232ECA /* DefaultDocumentsStorage.swift */ = {isa = PBXFileReference; lastKnownFileType = sourcecode.swift; path = DefaultDocumentsStorage.swift; sourceTree = "<group>"; };
		5EF152432538604A00232ECA /* CoreDataStorage.xcdatamodel */ = {isa = PBXFileReference; lastKnownFileType = wrapper.xcdatamodel; path = CoreDataStorage.xcdatamodel; sourceTree = "<group>"; };
/* End PBXFileReference section */

/* Begin PBXFrameworksBuildPhase section */
		5EF151D8253825E800232ECA /* Frameworks */ = {
			isa = PBXFrameworksBuildPhase;
			buildActionMask = 2147483647;
			files = (
			);
			runOnlyForDeploymentPostprocessing = 0;
		};
		5EF151EE253825E800232ECA /* Frameworks */ = {
			isa = PBXFrameworksBuildPhase;
			buildActionMask = 2147483647;
			files = (
			);
			runOnlyForDeploymentPostprocessing = 0;
		};
		5EF151F9253825E800232ECA /* Frameworks */ = {
			isa = PBXFrameworksBuildPhase;
			buildActionMask = 2147483647;
			files = (
			);
			runOnlyForDeploymentPostprocessing = 0;
		};
/* End PBXFrameworksBuildPhase section */

/* Begin PBXGroup section */
		5EF151D2253825E800232ECA = {
			isa = PBXGroup;
			children = (
				5EF151DD253825E800232ECA /* iOS-Clean-Architecture-Tutorial */,
				5EF151F4253825E800232ECA /* iOS-Clean-Architecture-TutorialTests */,
				5EF151FF253825E800232ECA /* iOS-Clean-Architecture-TutorialUITests */,
				5EF151DC253825E800232ECA /* Products */,
			);
			sourceTree = "<group>";
		};
		5EF151DC253825E800232ECA /* Products */ = {
			isa = PBXGroup;
			children = (
				5EF151DB253825E800232ECA /* iOS-Clean-Architecture-Tutorial.app */,
				5EF151F1253825E800232ECA /* iOS-Clean-Architecture-TutorialTests.xctest */,
				5EF151FC253825E800232ECA /* iOS-Clean-Architecture-TutorialUITests.xctest */,
			);
			name = Products;
			sourceTree = "<group>";
		};
		5EF151DD253825E800232ECA /* iOS-Clean-Architecture-Tutorial */ = {
			isa = PBXGroup;
			children = (
				5EF1521125382F9400232ECA /* Application */,
				5EF152132538311400232ECA /* View */,
				5EF152182538336100232ECA /* Domain */,
				5EF15231253854F400232ECA /* Data */,
				5EF1521225382FBB00232ECA /* Resources */,
			);
			path = "iOS-Clean-Architecture-Tutorial";
			sourceTree = "<group>";
		};
		5EF151F4253825E800232ECA /* iOS-Clean-Architecture-TutorialTests */ = {
			isa = PBXGroup;
			children = (
				5EF151F5253825E800232ECA /* iOS_Clean_Architecture_TutorialTests.swift */,
				5EF151F7253825E800232ECA /* Info.plist */,
			);
			path = "iOS-Clean-Architecture-TutorialTests";
			sourceTree = "<group>";
		};
		5EF151FF253825E800232ECA /* iOS-Clean-Architecture-TutorialUITests */ = {
			isa = PBXGroup;
			children = (
				5EF15200253825E800232ECA /* iOS_Clean_Architecture_TutorialUITests.swift */,
				5EF15202253825E800232ECA /* Info.plist */,
			);
			path = "iOS-Clean-Architecture-TutorialUITests";
			sourceTree = "<group>";
		};
		5EF1521125382F9400232ECA /* Application */ = {
			isa = PBXGroup;
			children = (
				5EF151DE253825E800232ECA /* AppDelegate.swift */,
				5EF151E0253825E800232ECA /* SceneDelegate.swift */,
			);
			path = Application;
			sourceTree = "<group>";
		};
		5EF1521225382FBB00232ECA /* Resources */ = {
			isa = PBXGroup;
			children = (
				5EF151E7253825E800232ECA /* Assets.xcassets */,
				5EF151E9253825E800232ECA /* LaunchScreen.storyboard */,
				5EF151EC253825E800232ECA /* Info.plist */,
			);
			path = Resources;
			sourceTree = "<group>";
		};
		5EF152132538311400232ECA /* View */ = {
			isa = PBXGroup;
			children = (
				5EF151E2253825E800232ECA /* ViewController.swift */,
				5EF151E4253825E800232ECA /* Main.storyboard */,
			);
			path = View;
			sourceTree = "<group>";
		};
		5EF152182538336100232ECA /* Domain */ = {
			isa = PBXGroup;
			children = (
				5EF15219253833B100232ECA /* Entities */,
				5EF15227253851CD00232ECA /* UseCases */,
			);
			path = Domain;
			sourceTree = "<group>";
		};
		5EF15219253833B100232ECA /* Entities */ = {
			isa = PBXGroup;
			children = (
				5EF15222253833CC00232ECA /* Document.swift */,
			);
			path = Entities;
			sourceTree = "<group>";
		};
		5EF15227253851CD00232ECA /* UseCases */ = {
			isa = PBXGroup;
			children = (
				5EF152282538528000232ECA /* SearchDocumentsUseCase.swift */,
			);
			path = UseCases;
			sourceTree = "<group>";
		};
		5EF15231253854F400232ECA /* Data */ = {
			isa = PBXGroup;
			children = (
				5EF152322538550B00232ECA /* Repositories */,
				5EF15238253857BC00232ECA /* PersistentStorages */,
				5EF152412538603000232ECA /* CoreDataStorage */,
			);
			path = Data;
			sourceTree = "<group>";
		};
		5EF152322538550B00232ECA /* Repositories */ = {
			isa = PBXGroup;
			children = (
				5EF152332538552000232ECA /* DefaultDocumentsRepository.swift */,
			);
			path = Repositories;
			sourceTree = "<group>";
		};
		5EF15238253857BC00232ECA /* PersistentStorages */ = {
			isa = PBXGroup;
			children = (
				5EF1523925385A4F00232ECA /* DefaultDocumentsStorage.swift */,
			);
			path = PersistentStorages;
			sourceTree = "<group>";
		};
		5EF152412538603000232ECA /* CoreDataStorage */ = {
			isa = PBXGroup;
			children = (
				5EF152422538604A00232ECA /* CoreDataStorage.xcdatamodeld */,
			);
			path = CoreDataStorage;
			sourceTree = "<group>";
		};
/* End PBXGroup section */

/* Begin PBXNativeTarget section */
		5EF151DA253825E800232ECA /* iOS-Clean-Architecture-Tutorial */ = {
			isa = PBXNativeTarget;
			buildConfigurationList = 5EF15205253825E800232ECA /* Build configuration list for PBXNativeTarget "iOS-Clean-Architecture-Tutorial" */;
			buildPhases = (
				5EF151D7253825E800232ECA /* Sources */,
				5EF151D8253825E800232ECA /* Frameworks */,
				5EF151D9253825E800232ECA /* Resources */,
			);
			buildRules = (
			);
			dependencies = (
			);
			name = "iOS-Clean-Architecture-Tutorial";
			productName = "iOS-Clean-Architecture-Tutorial";
			productReference = 5EF151DB253825E800232ECA /* iOS-Clean-Architecture-Tutorial.app */;
			productType = "com.apple.product-type.application";
		};
		5EF151F0253825E800232ECA /* iOS-Clean-Architecture-TutorialTests */ = {
			isa = PBXNativeTarget;
			buildConfigurationList = 5EF15208253825E800232ECA /* Build configuration list for PBXNativeTarget "iOS-Clean-Architecture-TutorialTests" */;
			buildPhases = (
				5EF151ED253825E800232ECA /* Sources */,
				5EF151EE253825E800232ECA /* Frameworks */,
				5EF151EF253825E800232ECA /* Resources */,
			);
			buildRules = (
			);
			dependencies = (
				5EF151F3253825E800232ECA /* PBXTargetDependency */,
			);
			name = "iOS-Clean-Architecture-TutorialTests";
			productName = "iOS-Clean-Architecture-TutorialTests";
			productReference = 5EF151F1253825E800232ECA /* iOS-Clean-Architecture-TutorialTests.xctest */;
			productType = "com.apple.product-type.bundle.unit-test";
		};
		5EF151FB253825E800232ECA /* iOS-Clean-Architecture-TutorialUITests */ = {
			isa = PBXNativeTarget;
			buildConfigurationList = 5EF1520B253825E800232ECA /* Build configuration list for PBXNativeTarget "iOS-Clean-Architecture-TutorialUITests" */;
			buildPhases = (
				5EF151F8253825E800232ECA /* Sources */,
				5EF151F9253825E800232ECA /* Frameworks */,
				5EF151FA253825E800232ECA /* Resources */,
			);
			buildRules = (
			);
			dependencies = (
				5EF151FE253825E800232ECA /* PBXTargetDependency */,
			);
			name = "iOS-Clean-Architecture-TutorialUITests";
			productName = "iOS-Clean-Architecture-TutorialUITests";
			productReference = 5EF151FC253825E800232ECA /* iOS-Clean-Architecture-TutorialUITests.xctest */;
			productType = "com.apple.product-type.bundle.ui-testing";
		};
/* End PBXNativeTarget section */

/* Begin PBXProject section */
		5EF151D3253825E800232ECA /* Project object */ = {
			isa = PBXProject;
			attributes = {
				LastSwiftUpdateCheck = 1200;
				LastUpgradeCheck = 1200;
				TargetAttributes = {
					5EF151DA253825E800232ECA = {
						CreatedOnToolsVersion = 12.0.1;
					};
					5EF151F0253825E800232ECA = {
						CreatedOnToolsVersion = 12.0.1;
						TestTargetID = 5EF151DA253825E800232ECA;
					};
					5EF151FB253825E800232ECA = {
						CreatedOnToolsVersion = 12.0.1;
						TestTargetID = 5EF151DA253825E800232ECA;
					};
				};
			};
			buildConfigurationList = 5EF151D6253825E800232ECA /* Build configuration list for PBXProject "iOS-Clean-Architecture-Tutorial" */;
			compatibilityVersion = "Xcode 9.3";
			developmentRegion = en;
			hasScannedForEncodings = 0;
			knownRegions = (
				en,
				Base,
			);
			mainGroup = 5EF151D2253825E800232ECA;
			productRefGroup = 5EF151DC253825E800232ECA /* Products */;
			projectDirPath = "";
			projectRoot = "";
			targets = (
				5EF151DA253825E800232ECA /* iOS-Clean-Architecture-Tutorial */,
				5EF151F0253825E800232ECA /* iOS-Clean-Architecture-TutorialTests */,
				5EF151FB253825E800232ECA /* iOS-Clean-Architecture-TutorialUITests */,
			);
		};
/* End PBXProject section */

/* Begin PBXResourcesBuildPhase section */
		5EF151D9253825E800232ECA /* Resources */ = {
			isa = PBXResourcesBuildPhase;
			buildActionMask = 2147483647;
			files = (
				5EF151EB253825E800232ECA /* LaunchScreen.storyboard in Resources */,
				5EF151E8253825E800232ECA /* Assets.xcassets in Resources */,
				5EF151E6253825E800232ECA /* Main.storyboard in Resources */,
			);
			runOnlyForDeploymentPostprocessing = 0;
		};
		5EF151EF253825E800232ECA /* Resources */ = {
			isa = PBXResourcesBuildPhase;
			buildActionMask = 2147483647;
			files = (
			);
			runOnlyForDeploymentPostprocessing = 0;
		};
		5EF151FA253825E800232ECA /* Resources */ = {
			isa = PBXResourcesBuildPhase;
			buildActionMask = 2147483647;
			files = (
			);
			runOnlyForDeploymentPostprocessing = 0;
		};
/* End PBXResourcesBuildPhase section */

/* Begin PBXSourcesBuildPhase section */
		5EF151D7253825E800232ECA /* Sources */ = {
			isa = PBXSourcesBuildPhase;
			buildActionMask = 2147483647;
			files = (
				5EF15223253833CC00232ECA /* Document.swift in Sources */,
				5EF151E3253825E800232ECA /* ViewController.swift in Sources */,
				5EF151DF253825E800232ECA /* AppDelegate.swift in Sources */,
				5EF152292538528000232ECA /* SearchDocumentsUseCase.swift in Sources */,
				5EF152442538604A00232ECA /* CoreDataStorage.xcdatamodeld in Sources */,
				5EF152342538552000232ECA /* DefaultDocumentsRepository.swift in Sources */,
				5EF151E1253825E800232ECA /* SceneDelegate.swift in Sources */,
				5EF1523A25385A4F00232ECA /* DefaultDocumentsStorage.swift in Sources */,
			);
			runOnlyForDeploymentPostprocessing = 0;
		};
		5EF151ED253825E800232ECA /* Sources */ = {
			isa = PBXSourcesBuildPhase;
			buildActionMask = 2147483647;
			files = (
				5EF151F6253825E800232ECA /* iOS_Clean_Architecture_TutorialTests.swift in Sources */,
			);
			runOnlyForDeploymentPostprocessing = 0;
		};
		5EF151F8253825E800232ECA /* Sources */ = {
			isa = PBXSourcesBuildPhase;
			buildActionMask = 2147483647;
			files = (
				5EF15201253825E800232ECA /* iOS_Clean_Architecture_TutorialUITests.swift in Sources */,
			);
			runOnlyForDeploymentPostprocessing = 0;
		};
/* End PBXSourcesBuildPhase section */

/* Begin PBXTargetDependency section */
		5EF151F3253825E800232ECA /* PBXTargetDependency */ = {
			isa = PBXTargetDependency;
			target = 5EF151DA253825E800232ECA /* iOS-Clean-Architecture-Tutorial */;
			targetProxy = 5EF151F2253825E800232ECA /* PBXContainerItemProxy */;
		};
		5EF151FE253825E800232ECA /* PBXTargetDependency */ = {
			isa = PBXTargetDependency;
			target = 5EF151DA253825E800232ECA /* iOS-Clean-Architecture-Tutorial */;
			targetProxy = 5EF151FD253825E800232ECA /* PBXContainerItemProxy */;
		};
/* End PBXTargetDependency section */

/* Begin PBXVariantGroup section */
		5EF151E4253825E800232ECA /* Main.storyboard */ = {
			isa = PBXVariantGroup;
			children = (
				5EF151E5253825E800232ECA /* Base */,
			);
			name = Main.storyboard;
			sourceTree = "<group>";
		};
		5EF151E9253825E800232ECA /* LaunchScreen.storyboard */ = {
			isa = PBXVariantGroup;
			children = (
				5EF151EA253825E800232ECA /* Base */,
			);
			name = LaunchScreen.storyboard;
			sourceTree = "<group>";
		};
/* End PBXVariantGroup section */

/* Begin XCBuildConfiguration section */
		5EF15203253825E800232ECA /* Debug */ = {
			isa = XCBuildConfiguration;
			buildSettings = {
				ALWAYS_SEARCH_USER_PATHS = NO;
				CLANG_ANALYZER_NONNULL = YES;
				CLANG_ANALYZER_NUMBER_OBJECT_CONVERSION = YES_AGGRESSIVE;
				CLANG_CXX_LANGUAGE_STANDARD = "gnu++14";
				CLANG_CXX_LIBRARY = "libc++";
				CLANG_ENABLE_MODULES = YES;
				CLANG_ENABLE_OBJC_ARC = YES;
				CLANG_ENABLE_OBJC_WEAK = YES;
				CLANG_WARN_BLOCK_CAPTURE_AUTORELEASING = YES;
				CLANG_WARN_BOOL_CONVERSION = YES;
				CLANG_WARN_COMMA = YES;
				CLANG_WARN_CONSTANT_CONVERSION = YES;
				CLANG_WARN_DEPRECATED_OBJC_IMPLEMENTATIONS = YES;
				CLANG_WARN_DIRECT_OBJC_ISA_USAGE = YES_ERROR;
				CLANG_WARN_DOCUMENTATION_COMMENTS = YES;
				CLANG_WARN_EMPTY_BODY = YES;
				CLANG_WARN_ENUM_CONVERSION = YES;
				CLANG_WARN_INFINITE_RECURSION = YES;
				CLANG_WARN_INT_CONVERSION = YES;
				CLANG_WARN_NON_LITERAL_NULL_CONVERSION = YES;
				CLANG_WARN_OBJC_IMPLICIT_RETAIN_SELF = YES;
				CLANG_WARN_OBJC_LITERAL_CONVERSION = YES;
				CLANG_WARN_OBJC_ROOT_CLASS = YES_ERROR;
				CLANG_WARN_QUOTED_INCLUDE_IN_FRAMEWORK_HEADER = YES;
				CLANG_WARN_RANGE_LOOP_ANALYSIS = YES;
				CLANG_WARN_STRICT_PROTOTYPES = YES;
				CLANG_WARN_SUSPICIOUS_MOVE = YES;
				CLANG_WARN_UNGUARDED_AVAILABILITY = YES_AGGRESSIVE;
				CLANG_WARN_UNREACHABLE_CODE = YES;
				CLANG_WARN__DUPLICATE_METHOD_MATCH = YES;
				COPY_PHASE_STRIP = NO;
				DEBUG_INFORMATION_FORMAT = dwarf;
				ENABLE_STRICT_OBJC_MSGSEND = YES;
				ENABLE_TESTABILITY = YES;
				GCC_C_LANGUAGE_STANDARD = gnu11;
				GCC_DYNAMIC_NO_PIC = NO;
				GCC_NO_COMMON_BLOCKS = YES;
				GCC_OPTIMIZATION_LEVEL = 0;
				GCC_PREPROCESSOR_DEFINITIONS = (
					"DEBUG=1",
					"$(inherited)",
				);
				GCC_WARN_64_TO_32_BIT_CONVERSION = YES;
				GCC_WARN_ABOUT_RETURN_TYPE = YES_ERROR;
				GCC_WARN_UNDECLARED_SELECTOR = YES;
				GCC_WARN_UNINITIALIZED_AUTOS = YES_AGGRESSIVE;
				GCC_WARN_UNUSED_FUNCTION = YES;
				GCC_WARN_UNUSED_VARIABLE = YES;
				IPHONEOS_DEPLOYMENT_TARGET = 14.0;
				MTL_ENABLE_DEBUG_INFO = INCLUDE_SOURCE;
				MTL_FAST_MATH = YES;
				ONLY_ACTIVE_ARCH = YES;
				SDKROOT = iphoneos;
				SWIFT_ACTIVE_COMPILATION_CONDITIONS = DEBUG;
				SWIFT_OPTIMIZATION_LEVEL = "-Onone";
			};
			name = Debug;
		};
		5EF15204253825E800232ECA /* Release */ = {
			isa = XCBuildConfiguration;
			buildSettings = {
				ALWAYS_SEARCH_USER_PATHS = NO;
				CLANG_ANALYZER_NONNULL = YES;
				CLANG_ANALYZER_NUMBER_OBJECT_CONVERSION = YES_AGGRESSIVE;
				CLANG_CXX_LANGUAGE_STANDARD = "gnu++14";
				CLANG_CXX_LIBRARY = "libc++";
				CLANG_ENABLE_MODULES = YES;
				CLANG_ENABLE_OBJC_ARC = YES;
				CLANG_ENABLE_OBJC_WEAK = YES;
				CLANG_WARN_BLOCK_CAPTURE_AUTORELEASING = YES;
				CLANG_WARN_BOOL_CONVERSION = YES;
				CLANG_WARN_COMMA = YES;
				CLANG_WARN_CONSTANT_CONVERSION = YES;
				CLANG_WARN_DEPRECATED_OBJC_IMPLEMENTATIONS = YES;
				CLANG_WARN_DIRECT_OBJC_ISA_USAGE = YES_ERROR;
				CLANG_WARN_DOCUMENTATION_COMMENTS = YES;
				CLANG_WARN_EMPTY_BODY = YES;
				CLANG_WARN_ENUM_CONVERSION = YES;
				CLANG_WARN_INFINITE_RECURSION = YES;
				CLANG_WARN_INT_CONVERSION = YES;
				CLANG_WARN_NON_LITERAL_NULL_CONVERSION = YES;
				CLANG_WARN_OBJC_IMPLICIT_RETAIN_SELF = YES;
				CLANG_WARN_OBJC_LITERAL_CONVERSION = YES;
				CLANG_WARN_OBJC_ROOT_CLASS = YES_ERROR;
				CLANG_WARN_QUOTED_INCLUDE_IN_FRAMEWORK_HEADER = YES;
				CLANG_WARN_RANGE_LOOP_ANALYSIS = YES;
				CLANG_WARN_STRICT_PROTOTYPES = YES;
				CLANG_WARN_SUSPICIOUS_MOVE = YES;
				CLANG_WARN_UNGUARDED_AVAILABILITY = YES_AGGRESSIVE;
				CLANG_WARN_UNREACHABLE_CODE = YES;
				CLANG_WARN__DUPLICATE_METHOD_MATCH = YES;
				COPY_PHASE_STRIP = NO;
				DEBUG_INFORMATION_FORMAT = "dwarf-with-dsym";
				ENABLE_NS_ASSERTIONS = NO;
				ENABLE_STRICT_OBJC_MSGSEND = YES;
				GCC_C_LANGUAGE_STANDARD = gnu11;
				GCC_NO_COMMON_BLOCKS = YES;
				GCC_WARN_64_TO_32_BIT_CONVERSION = YES;
				GCC_WARN_ABOUT_RETURN_TYPE = YES_ERROR;
				GCC_WARN_UNDECLARED_SELECTOR = YES;
				GCC_WARN_UNINITIALIZED_AUTOS = YES_AGGRESSIVE;
				GCC_WARN_UNUSED_FUNCTION = YES;
				GCC_WARN_UNUSED_VARIABLE = YES;
				IPHONEOS_DEPLOYMENT_TARGET = 14.0;
				MTL_ENABLE_DEBUG_INFO = NO;
				MTL_FAST_MATH = YES;
				SDKROOT = iphoneos;
				SWIFT_COMPILATION_MODE = wholemodule;
				SWIFT_OPTIMIZATION_LEVEL = "-O";
				VALIDATE_PRODUCT = YES;
			};
			name = Release;
		};
		5EF15206253825E800232ECA /* Debug */ = {
			isa = XCBuildConfiguration;
			buildSettings = {
				ASSETCATALOG_COMPILER_APPICON_NAME = AppIcon;
				ASSETCATALOG_COMPILER_GLOBAL_ACCENT_COLOR_NAME = AccentColor;
				CODE_SIGN_STYLE = Automatic;
				DEVELOPMENT_TEAM = 75KSF446RQ;
				INFOPLIST_FILE = "$(SRCROOT)/iOS-Clean-Architecture-Tutorial/Resources/Info.plist";
				LD_RUNPATH_SEARCH_PATHS = (
					"$(inherited)",
					"@executable_path/Frameworks",
				);
				PRODUCT_BUNDLE_IDENTIFIER = "com.stamina-left.iOS-Clean-Architecture-Tutorial";
				PRODUCT_NAME = "$(TARGET_NAME)";
				SWIFT_VERSION = 5.0;
				TARGETED_DEVICE_FAMILY = "1,2";
			};
			name = Debug;
		};
		5EF15207253825E800232ECA /* Release */ = {
			isa = XCBuildConfiguration;
			buildSettings = {
				ASSETCATALOG_COMPILER_APPICON_NAME = AppIcon;
				ASSETCATALOG_COMPILER_GLOBAL_ACCENT_COLOR_NAME = AccentColor;
				CODE_SIGN_STYLE = Automatic;
				DEVELOPMENT_TEAM = 75KSF446RQ;
				INFOPLIST_FILE = "$(SRCROOT)/iOS-Clean-Architecture-Tutorial/Resources/Info.plist";
				LD_RUNPATH_SEARCH_PATHS = (
					"$(inherited)",
					"@executable_path/Frameworks",
				);
				PRODUCT_BUNDLE_IDENTIFIER = "com.stamina-left.iOS-Clean-Architecture-Tutorial";
				PRODUCT_NAME = "$(TARGET_NAME)";
				SWIFT_VERSION = 5.0;
				TARGETED_DEVICE_FAMILY = "1,2";
			};
			name = Release;
		};
		5EF15209253825E800232ECA /* Debug */ = {
			isa = XCBuildConfiguration;
			buildSettings = {
				ALWAYS_EMBED_SWIFT_STANDARD_LIBRARIES = YES;
				BUNDLE_LOADER = "$(TEST_HOST)";
				CODE_SIGN_STYLE = Automatic;
				DEVELOPMENT_TEAM = 75KSF446RQ;
				INFOPLIST_FILE = "iOS-Clean-Architecture-TutorialTests/Info.plist";
				IPHONEOS_DEPLOYMENT_TARGET = 14.0;
				LD_RUNPATH_SEARCH_PATHS = (
					"$(inherited)",
					"@executable_path/Frameworks",
					"@loader_path/Frameworks",
				);
				PRODUCT_BUNDLE_IDENTIFIER = "com.stamina-left.iOS-Clean-Architecture-TutorialTests";
				PRODUCT_NAME = "$(TARGET_NAME)";
				SWIFT_VERSION = 5.0;
				TARGETED_DEVICE_FAMILY = "1,2";
				TEST_HOST = "$(BUILT_PRODUCTS_DIR)/iOS-Clean-Architecture-Tutorial.app/iOS-Clean-Architecture-Tutorial";
			};
			name = Debug;
		};
		5EF1520A253825E800232ECA /* Release */ = {
			isa = XCBuildConfiguration;
			buildSettings = {
				ALWAYS_EMBED_SWIFT_STANDARD_LIBRARIES = YES;
				BUNDLE_LOADER = "$(TEST_HOST)";
				CODE_SIGN_STYLE = Automatic;
				DEVELOPMENT_TEAM = 75KSF446RQ;
				INFOPLIST_FILE = "iOS-Clean-Architecture-TutorialTests/Info.plist";
				IPHONEOS_DEPLOYMENT_TARGET = 14.0;
				LD_RUNPATH_SEARCH_PATHS = (
					"$(inherited)",
					"@executable_path/Frameworks",
					"@loader_path/Frameworks",
				);
				PRODUCT_BUNDLE_IDENTIFIER = "com.stamina-left.iOS-Clean-Architecture-TutorialTests";
				PRODUCT_NAME = "$(TARGET_NAME)";
				SWIFT_VERSION = 5.0;
				TARGETED_DEVICE_FAMILY = "1,2";
				TEST_HOST = "$(BUILT_PRODUCTS_DIR)/iOS-Clean-Architecture-Tutorial.app/iOS-Clean-Architecture-Tutorial";
			};
			name = Release;
		};
		5EF1520C253825E800232ECA /* Debug */ = {
			isa = XCBuildConfiguration;
			buildSettings = {
				ALWAYS_EMBED_SWIFT_STANDARD_LIBRARIES = YES;
				CODE_SIGN_STYLE = Automatic;
				DEVELOPMENT_TEAM = 75KSF446RQ;
				INFOPLIST_FILE = "iOS-Clean-Architecture-TutorialUITests/Info.plist";
				LD_RUNPATH_SEARCH_PATHS = (
					"$(inherited)",
					"@executable_path/Frameworks",
					"@loader_path/Frameworks",
				);
				PRODUCT_BUNDLE_IDENTIFIER = "com.stamina-left.iOS-Clean-Architecture-TutorialUITests";
				PRODUCT_NAME = "$(TARGET_NAME)";
				SWIFT_VERSION = 5.0;
				TARGETED_DEVICE_FAMILY = "1,2";
				TEST_TARGET_NAME = "iOS-Clean-Architecture-Tutorial";
			};
			name = Debug;
		};
		5EF1520D253825E800232ECA /* Release */ = {
			isa = XCBuildConfiguration;
			buildSettings = {
				ALWAYS_EMBED_SWIFT_STANDARD_LIBRARIES = YES;
				CODE_SIGN_STYLE = Automatic;
				DEVELOPMENT_TEAM = 75KSF446RQ;
				INFOPLIST_FILE = "iOS-Clean-Architecture-TutorialUITests/Info.plist";
				LD_RUNPATH_SEARCH_PATHS = (
					"$(inherited)",
					"@executable_path/Frameworks",
					"@loader_path/Frameworks",
				);
				PRODUCT_BUNDLE_IDENTIFIER = "com.stamina-left.iOS-Clean-Architecture-TutorialUITests";
				PRODUCT_NAME = "$(TARGET_NAME)";
				SWIFT_VERSION = 5.0;
				TARGETED_DEVICE_FAMILY = "1,2";
				TEST_TARGET_NAME = "iOS-Clean-Architecture-Tutorial";
			};
			name = Release;
		};
/* End XCBuildConfiguration section */

/* Begin XCConfigurationList section */
		5EF151D6253825E800232ECA /* Build configuration list for PBXProject "iOS-Clean-Architecture-Tutorial" */ = {
			isa = XCConfigurationList;
			buildConfigurations = (
				5EF15203253825E800232ECA /* Debug */,
				5EF15204253825E800232ECA /* Release */,
			);
			defaultConfigurationIsVisible = 0;
			defaultConfigurationName = Release;
		};
		5EF15205253825E800232ECA /* Build configuration list for PBXNativeTarget "iOS-Clean-Architecture-Tutorial" */ = {
			isa = XCConfigurationList;
			buildConfigurations = (
				5EF15206253825E800232ECA /* Debug */,
				5EF15207253825E800232ECA /* Release */,
			);
			defaultConfigurationIsVisible = 0;
			defaultConfigurationName = Release;
		};
		5EF15208253825E800232ECA /* Build configuration list for PBXNativeTarget "iOS-Clean-Architecture-TutorialTests" */ = {
			isa = XCConfigurationList;
			buildConfigurations = (
				5EF15209253825E800232ECA /* Debug */,
				5EF1520A253825E800232ECA /* Release */,
			);
			defaultConfigurationIsVisible = 0;
			defaultConfigurationName = Release;
		};
		5EF1520B253825E800232ECA /* Build configuration list for PBXNativeTarget "iOS-Clean-Architecture-TutorialUITests" */ = {
			isa = XCConfigurationList;
			buildConfigurations = (
				5EF1520C253825E800232ECA /* Debug */,
				5EF1520D253825E800232ECA /* Release */,
			);
			defaultConfigurationIsVisible = 0;
			defaultConfigurationName = Release;
		};
/* End XCConfigurationList section */

/* Begin XCVersionGroup section */
		5EF152422538604A00232ECA /* CoreDataStorage.xcdatamodeld */ = {
			isa = XCVersionGroup;
			children = (
				5EF152432538604A00232ECA /* CoreDataStorage.xcdatamodel */,
			);
			currentVersion = 5EF152432538604A00232ECA /* CoreDataStorage.xcdatamodel */;
			path = CoreDataStorage.xcdatamodeld;
			sourceTree = "<group>";
			versionGroupType = wrapper.xcdatamodel;
		};
/* End XCVersionGroup section */
	};
	rootObject = 5EF151D3253825E800232ECA /* Project object */;
}
